
Microsoft Visual Studio Solution File, Format Version 12.00
# Visual Studio Version 16
VisualStudioVersion = 16.0.31005.135
MinimumVisualStudioVersion = 10.0.40219.1
Project("{9A19103F-16F7-4668-BE54-9A1E7A4F7556}") = "Itau", "Itau\Itau.csproj", "{7AFAE449-B9A7-4D63-A685-D51BD5A292DF}"
EndProject
Project("{FAE04EC0-301F-11D3-BF4B-00C04F79EFBC}") = "ItauTest", "ItauTest\ItauTest.csproj", "{A2001816-3618-413C-89B4-B7102433A848}"
EndProject
Global
	GlobalSection(SolutionConfigurationPlatforms) = preSolution
		Debug|Any CPU = Debug|Any CPU
		Release|Any CPU = Release|Any CPU
	EndGlobalSection
	GlobalSection(ProjectConfigurationPlatforms) = postSolution
		{7AFAE449-B9A7-4D63-A685-D51BD5A292DF}.Debug|Any CPU.ActiveCfg = Debug|Any CPU
		{7AFAE449-B9A7-4D63-A685-D51BD5A292DF}.Debug|Any CPU.Build.0 = Debug|Any CPU
		{7AFAE449-B9A7-4D63-A685-D51BD5A292DF}.Release|Any CPU.ActiveCfg = Release|Any CPU
		{7AFAE449-B9A7-4D63-A685-D51BD5A292DF}.Release|Any CPU.Build.0 = Release|Any CPU
		{A2001816-3618-413C-89B4-B7102433A848}.Debug|Any CPU.ActiveCfg = Debug|Any CPU
		{A2001816-3618-413C-89B4-B7102433A848}.Debug|Any CPU.Build.0 = Debug|Any CPU
		{A2001816-3618-413C-89B4-B7102433A848}.Release|Any CPU.ActiveCfg = Release|Any CPU
		{A2001816-3618-413C-89B4-B7102433A848}.Release|Any CPU.Build.0 = Release|Any CPU
	EndGlobalSection
	GlobalSection(SolutionProperties) = preSolution
		HideSolutionNode = FALSE
	EndGlobalSection
	GlobalSection(ExtensibilityGlobals) = postSolution
		SolutionGuid = {B79FA9BF-8F44-4971-B8A2-6694D9854893}
	EndGlobalSection
EndGlobal
